PODS:
  - Firebase (2.5.1)
  - MBProgressHUD (0.9.2)
  - SwiftyJSON (2.3.2)

DEPENDENCIES:
  - Firebase (>= 2.5.0)
  - MBProgressHUD (~> 0.9.2)
  - SwiftyJSON

SPEC CHECKSUMS:
  Firebase: 3565ea88b830f28f2c77ecc524622bc71a20d085
  MBProgressHUD: 1569cf7ace17a8bac47aabfbb8580a49690386d1
  SwiftyJSON: 04ccea08915aa0109039157c7974cf0298da292a

COCOAPODS: 0.39.0
