// !$*UTF8*$!
{
	archiveVersion = 1;
	classes = {
	};
	objectVersion = 46;
	objects = {

/* Begin PBXBuildFile section */
		C42839EE1C8DB18300049B7C /* UIPanelView.swift in Sources */ = {isa = PBXBuildFile; fileRef = C42839ED1C8DB18300049B7C /* UIPanelView.swift */; };
		C42C383E1C7DC3C70080BFFC /* realTimeRunning.xcdatamodeld in Sources */ = {isa = PBXBuildFile; fileRef = C42C383C1C7DC3C70080BFFC /* realTimeRunning.xcdatamodeld */; };
		C42C38891C7E0B660080BFFC /* RawRaceDataTableViewController.swift in Sources */ = {isa = PBXBuildFile; fileRef = C42C38881C7E0B660080BFFC /* RawRaceDataTableViewController.swift */; };
		C42C388B1C7E0D150080BFFC /* RawTableViewCell.swift in Sources */ = {isa = PBXBuildFile; fileRef = C42C388A1C7E0D150080BFFC /* RawTableViewCell.swift */; };
		C42C38901C7E0F0B0080BFFC /* RunData+CoreDataProperties.swift in Sources */ = {isa = PBXBuildFile; fileRef = C42C388C1C7E0F0B0080BFFC /* RunData+CoreDataProperties.swift */; };
		C42C38911C7E0F0B0080BFFC /* RunData.swift in Sources */ = {isa = PBXBuildFile; fileRef = C42C388D1C7E0F0B0080BFFC /* RunData.swift */; };
		C42C38921C7E0F0B0080BFFC /* RunDetail+CoreDataProperties.swift in Sources */ = {isa = PBXBuildFile; fileRef = C42C388E1C7E0F0B0080BFFC /* RunDetail+CoreDataProperties.swift */; };
		C42C38931C7E0F0B0080BFFC /* RunDetail.swift in Sources */ = {isa = PBXBuildFile; fileRef = C42C388F1C7E0F0B0080BFFC /* RunDetail.swift */; };
		C42C38951C7E13E20080BFFC /* latLonFormats.swift in Sources */ = {isa = PBXBuildFile; fileRef = C42C38941C7E13E20080BFFC /* latLonFormats.swift */; };
		C454E7111C94617B0095C077 /* realtimeruner.ai in Resources */ = {isa = PBXBuildFile; fileRef = C454E70B1C94617B0095C077 /* realtimeruner.ai */; };
		C454E7121C94617B0095C077 /* realtimeruner58.png in Resources */ = {isa = PBXBuildFile; fileRef = C454E70C1C94617B0095C077 /* realtimeruner58.png */; };
		C454E7131C94617B0095C077 /* realtimeruner80.png in Resources */ = {isa = PBXBuildFile; fileRef = C454E70D1C94617B0095C077 /* realtimeruner80.png */; };
		C454E7141C94617B0095C077 /* realtimeruner87.png in Resources */ = {isa = PBXBuildFile; fileRef = C454E70E1C94617B0095C077 /* realtimeruner87.png */; };
		C454E7151C94617B0095C077 /* realtimeruner120.png in Resources */ = {isa = PBXBuildFile; fileRef = C454E70F1C94617B0095C077 /* realtimeruner120.png */; };
		C454E7161C94617B0095C077 /* realtimeruner180.png in Resources */ = {isa = PBXBuildFile; fileRef = C454E7101C94617B0095C077 /* realtimeruner180.png */; };
		C46DA44D1C95C04D0095846D /* launchImage.png in Resources */ = {isa = PBXBuildFile; fileRef = C46DA44C1C95C04D0095846D /* launchImage.png */; };
		C46DA44F1C95C0D40095846D /* launchImage.ai in Resources */ = {isa = PBXBuildFile; fileRef = C46DA44E1C95C0D40095846D /* launchImage.ai */; };
		C48647E81C78983C005AB06F /* SharedLocationManager.swift in Sources */ = {isa = PBXBuildFile; fileRef = C48647E71C78983C005AB06F /* SharedLocationManager.swift */; };
		C48647EA1C7898DA005AB06F /* RaceRecordViewController.swift in Sources */ = {isa = PBXBuildFile; fileRef = C48647E91C7898DA005AB06F /* RaceRecordViewController.swift */; };
		C48647EC1C78A593005AB06F /* MapViewController.swift in Sources */ = {isa = PBXBuildFile; fileRef = C48647EB1C78A593005AB06F /* MapViewController.swift */; };
		C48866EE1C96C0E7006AE48C /* IOSBackgroundSwitcherView.swift in Sources */ = {isa = PBXBuildFile; fileRef = C48866ED1C96C0E7006AE48C /* IOSBackgroundSwitcherView.swift */; };
		C496BC641C8E01F800DF2187 /* gear_24.png in Resources */ = {isa = PBXBuildFile; fileRef = C496BC611C8E01F800DF2187 /* gear_24.png */; };
		C496BC651C8E01F800DF2187 /* history@2x.png in Resources */ = {isa = PBXBuildFile; fileRef = C496BC621C8E01F800DF2187 /* history@2x.png */; };
		C496BC661C8E01F800DF2187 /* runner@2x.png in Resources */ = {isa = PBXBuildFile; fileRef = C496BC631C8E01F800DF2187 /* runner@2x.png */; };
		C496BC6F1C93190B00DF2187 /* Settings+CoreDataProperties.swift in Sources */ = {isa = PBXBuildFile; fileRef = C496BC6D1C93190B00DF2187 /* Settings+CoreDataProperties.swift */; };
		C496BC701C93190B00DF2187 /* Settings.swift in Sources */ = {isa = PBXBuildFile; fileRef = C496BC6E1C93190B00DF2187 /* Settings.swift */; };
		C4DEF2A61C95B6BA00CE1413 /* LaunchScreenViewController.swift in Sources */ = {isa = PBXBuildFile; fileRef = C4DEF2A51C95B6BA00CE1413 /* LaunchScreenViewController.swift */; };
		C4E24C411C86F92E006F5712 /* FBSDKCoreKit.framework in Frameworks */ = {isa = PBXBuildFile; fileRef = D2830BD81C73D52B00B1B1A8 /* FBSDKCoreKit.framework */; };
		C4E24C421C86F93B006F5712 /* FBSDKLoginKit.framework in Frameworks */ = {isa = PBXBuildFile; fileRef = D2830BDA1C73D53500B1B1A8 /* FBSDKLoginKit.framework */; };
		C4E24C4A1C88BDA4006F5712 /* ErrorLog+CoreDataProperties.swift in Sources */ = {isa = PBXBuildFile; fileRef = C4E24C481C88BDA4006F5712 /* ErrorLog+CoreDataProperties.swift */; };
		C4E24C4B1C88BDA4006F5712 /* ErrorLog.swift in Sources */ = {isa = PBXBuildFile; fileRef = C4E24C491C88BDA4006F5712 /* ErrorLog.swift */; };
		C4E24C4D1C88E082006F5712 /* ErrorLogTableViewController.swift in Sources */ = {isa = PBXBuildFile; fileRef = C4E24C4C1C88E082006F5712 /* ErrorLogTableViewController.swift */; };
		C4E24C4F1C88E441006F5712 /* ErrorLogTableViewCell.swift in Sources */ = {isa = PBXBuildFile; fileRef = C4E24C4E1C88E441006F5712 /* ErrorLogTableViewCell.swift */; };
		C4E24C511C899F64006F5712 /* settingsTableViewCell.swift in Sources */ = {isa = PBXBuildFile; fileRef = C4E24C501C899F64006F5712 /* settingsTableViewCell.swift */; };
		C4EC42FA1C7F2D5600A458E3 /* raceHistoryTableViewCell.swift in Sources */ = {isa = PBXBuildFile; fileRef = C4EC42F91C7F2D5600A458E3 /* raceHistoryTableViewCell.swift */; };
		C4EC42FC1C7F2DF200A458E3 /* raceHistoryTableViewController.swift in Sources */ = {isa = PBXBuildFile; fileRef = C4EC42FB1C7F2DF200A458E3 /* raceHistoryTableViewController.swift */; };
		C4EC42FE1C7F402D00A458E3 /* raceHistorySummaryViewController.swift in Sources */ = {isa = PBXBuildFile; fileRef = C4EC42FD1C7F402D00A458E3 /* raceHistorySummaryViewController.swift */; };
		C4EC43001C7F5ABC00A458E3 /* RaceGraphViewController.swift in Sources */ = {isa = PBXBuildFile; fileRef = C4EC42FF1C7F5ABC00A458E3 /* RaceGraphViewController.swift */; };
		C4EC43021C7F5C1B00A458E3 /* utilityFunctions.swift in Sources */ = {isa = PBXBuildFile; fileRef = C4EC43011C7F5C1B00A458E3 /* utilityFunctions.swift */; };
		C4EC43061C7F5FF600A458E3 /* UIGraphView.swift in Sources */ = {isa = PBXBuildFile; fileRef = C4EC43051C7F5FF600A458E3 /* UIGraphView.swift */; };
		C4EC43081C7F77AD00A458E3 /* settingsTableViewController.swift in Sources */ = {isa = PBXBuildFile; fileRef = C4EC43071C7F77AD00A458E3 /* settingsTableViewController.swift */; };
		C972B99C9726F5205BBCD046 /* Pods_RealTimeRunning.framework in Frameworks */ = {isa = PBXBuildFile; fileRef = 79F7C1862193F743D04764FC /* Pods_RealTimeRunning.framework */; };
		D226B4AA1C73B28400366800 /* AppDelegate.swift in Sources */ = {isa = PBXBuildFile; fileRef = D226B4A91C73B28400366800 /* AppDelegate.swift */; };
		D226B4AC1C73B28400366800 /* HomeViewController.swift in Sources */ = {isa = PBXBuildFile; fileRef = D226B4AB1C73B28400366800 /* HomeViewController.swift */; };
		D226B4AF1C73B28400366800 /* Main.storyboard in Resources */ = {isa = PBXBuildFile; fileRef = D226B4AD1C73B28400366800 /* Main.storyboard */; };
		D226B4B11C73B28400366800 /* Assets.xcassets in Resources */ = {isa = PBXBuildFile; fileRef = D226B4B01C73B28400366800 /* Assets.xcassets */; };
		D226B4B41C73B28400366800 /* LaunchScreen.storyboard in Resources */ = {isa = PBXBuildFile; fileRef = D226B4B21C73B28400366800 /* LaunchScreen.storyboard */; };
		D226B4BF1C73B28400366800 /* RealTimeRunningTests.swift in Sources */ = {isa = PBXBuildFile; fileRef = D226B4BE1C73B28400366800 /* RealTimeRunningTests.swift */; };
		D240E5291CA066A000B2A4CE /* Races.swift in Sources */ = {isa = PBXBuildFile; fileRef = D240E5281CA066A000B2A4CE /* Races.swift */; };
		D240E52C1CA16F3200B2A4CE /* Events.swift in Sources */ = {isa = PBXBuildFile; fileRef = D240E52B1CA16F3200B2A4CE /* Events.swift */; };
		D240E52E1CA17D8000B2A4CE /* Users.swift in Sources */ = {isa = PBXBuildFile; fileRef = D240E52D1CA17D8000B2A4CE /* Users.swift */; };
		D2830BD91C73D52B00B1B1A8 /* FBSDKCoreKit.framework in Frameworks */ = {isa = PBXBuildFile; fileRef = D2830BD81C73D52B00B1B1A8 /* FBSDKCoreKit.framework */; };
		D2830BDB1C73D53500B1B1A8 /* FBSDKLoginKit.framework in Frameworks */ = {isa = PBXBuildFile; fileRef = D2830BDA1C73D53500B1B1A8 /* FBSDKLoginKit.framework */; };
		D299ABF21C8DD76500FE219C /* CompetitorsTableViewCell.swift in Sources */ = {isa = PBXBuildFile; fileRef = D299ABF01C8DD76500FE219C /* CompetitorsTableViewCell.swift */; };
		D299ABF51C91756000FE219C /* Competitor.swift in Sources */ = {isa = PBXBuildFile; fileRef = D299ABF41C91755F00FE219C /* Competitor.swift */; };
		D299AC031C9BF30D00FE219C /* CurrentUser.swift in Sources */ = {isa = PBXBuildFile; fileRef = D299AC021C9BF30D00FE219C /* CurrentUser.swift */; };
		D2AFE1FE1C75EA06009750A8 /* Race.swift in Sources */ = {isa = PBXBuildFile; fileRef = D2AFE1FD1C75EA06009750A8 /* Race.swift */; };
		D2AFE2001C75EBC3009750A8 /* User.swift in Sources */ = {isa = PBXBuildFile; fileRef = D2AFE1FF1C75EBC3009750A8 /* User.swift */; };
		D2AFE2031C75F42B009750A8 /* RacesTableViewController.swift in Sources */ = {isa = PBXBuildFile; fileRef = D2AFE2011C75F42B009750A8 /* RacesTableViewController.swift */; };
		D2AFE2061C7602CB009750A8 /* RaceTableViewCell.swift in Sources */ = {isa = PBXBuildFile; fileRef = D2AFE2051C7602CB009750A8 /* RaceTableViewCell.swift */; };
		D2B3416C1C8843150024114C /* Oswald-ExtraLight.ttf in Resources */ = {isa = PBXBuildFile; fileRef = D27D67821C81ABF800338D01 /* Oswald-ExtraLight.ttf */; };
		D2B3416D1C8843150024114C /* Oswald-Light.ttf in Resources */ = {isa = PBXBuildFile; fileRef = D27D67831C81ABF800338D01 /* Oswald-Light.ttf */; };
		D2B3416E1C8843150024114C /* Oswald-Medium.ttf in Resources */ = {isa = PBXBuildFile; fileRef = D27D67841C81ABF800338D01 /* Oswald-Medium.ttf */; };
		D2B3416F1C8843150024114C /* Oswald-Regular.ttf in Resources */ = {isa = PBXBuildFile; fileRef = D27D67851C81ABF800338D01 /* Oswald-Regular.ttf */; };
		F26242D9C92B38A80BBFC014 /* Pods_RealTimeRunningTests.framework in Frameworks */ = {isa = PBXBuildFile; fileRef = 54B04F00C144E9C6F830EF8A /* Pods_RealTimeRunningTests.framework */; };
/* End PBXBuildFile section */

/* Begin PBXContainerItemProxy section */
		D226B4BB1C73B28400366800 /* PBXContainerItemProxy */ = {
			isa = PBXContainerItemProxy;
			containerPortal = D226B49E1C73B28400366800 /* Project object */;
			proxyType = 1;
			remoteGlobalIDString = D226B4A51C73B28400366800;
			remoteInfo = RealTimeRunning;
		};
/* End PBXContainerItemProxy section */

/* Begin PBXCopyFilesBuildPhase section */
		C4FA10471C7CDB7400C390B3 /* Embed Frameworks */ = {
			isa = PBXCopyFilesBuildPhase;
			buildActionMask = 2147483647;
			dstPath = "";
			dstSubfolderSpec = 10;
			files = (
			);
			name = "Embed Frameworks";
			runOnlyForDeploymentPostprocessing = 0;
		};
/* End PBXCopyFilesBuildPhase section */

/* Begin PBXFileReference section */
		1470CD3C775CFC279C23ED3C /* Pods-RealTimeRunning.release.xcconfig */ = {isa = PBXFileReference; includeInIndex = 1; lastKnownFileType = text.xcconfig; name = "Pods-RealTimeRunning.release.xcconfig"; path = "Pods/Target Support Files/Pods-RealTimeRunning/Pods-RealTimeRunning.release.xcconfig"; sourceTree = "<group>"; };
		54B04F00C144E9C6F830EF8A /* Pods_RealTimeRunningTests.framework */ = {isa = PBXFileReference; explicitFileType = wrapper.framework; includeInIndex = 0; path = Pods_RealTimeRunningTests.framework; sourceTree = BUILT_PRODUCTS_DIR; };
		79F7C1862193F743D04764FC /* Pods_RealTimeRunning.framework */ = {isa = PBXFileReference; explicitFileType = wrapper.framework; includeInIndex = 0; path = Pods_RealTimeRunning.framework; sourceTree = BUILT_PRODUCTS_DIR; };
		A209476DC16635C56BD40475 /* Pods-RealTimeRunningTests.debug.xcconfig */ = {isa = PBXFileReference; includeInIndex = 1; lastKnownFileType = text.xcconfig; name = "Pods-RealTimeRunningTests.debug.xcconfig"; path = "Pods/Target Support Files/Pods-RealTimeRunningTests/Pods-RealTimeRunningTests.debug.xcconfig"; sourceTree = "<group>"; };
		C42839ED1C8DB18300049B7C /* UIPanelView.swift */ = {isa = PBXFileReference; fileEncoding = 4; lastKnownFileType = sourcecode.swift; path = UIPanelView.swift; sourceTree = "<group>"; };
		C42C383D1C7DC3C70080BFFC /* realTimeRunning.xcdatamodel */ = {isa = PBXFileReference; lastKnownFileType = wrapper.xcdatamodel; path = realTimeRunning.xcdatamodel; sourceTree = "<group>"; };
		C42C38881C7E0B660080BFFC /* RawRaceDataTableViewController.swift */ = {isa = PBXFileReference; fileEncoding = 4; lastKnownFileType = sourcecode.swift; path = RawRaceDataTableViewController.swift; sourceTree = "<group>"; };
		C42C388A1C7E0D150080BFFC /* RawTableViewCell.swift */ = {isa = PBXFileReference; fileEncoding = 4; lastKnownFileType = sourcecode.swift; path = RawTableViewCell.swift; sourceTree = "<group>"; };
		C42C388C1C7E0F0B0080BFFC /* RunData+CoreDataProperties.swift */ = {isa = PBXFileReference; fileEncoding = 4; lastKnownFileType = sourcecode.swift; path = "RunData+CoreDataProperties.swift"; sourceTree = "<group>"; };
		C42C388D1C7E0F0B0080BFFC /* RunData.swift */ = {isa = PBXFileReference; fileEncoding = 4; lastKnownFileType = sourcecode.swift; path = RunData.swift; sourceTree = "<group>"; };
		C42C388E1C7E0F0B0080BFFC /* RunDetail+CoreDataProperties.swift */ = {isa = PBXFileReference; fileEncoding = 4; lastKnownFileType = sourcecode.swift; path = "RunDetail+CoreDataProperties.swift"; sourceTree = "<group>"; };
		C42C388F1C7E0F0B0080BFFC /* RunDetail.swift */ = {isa = PBXFileReference; fileEncoding = 4; lastKnownFileType = sourcecode.swift; path = RunDetail.swift; sourceTree = "<group>"; };
		C42C38941C7E13E20080BFFC /* latLonFormats.swift */ = {isa = PBXFileReference; fileEncoding = 4; lastKnownFileType = sourcecode.swift; path = latLonFormats.swift; sourceTree = "<group>"; };
		C454E70B1C94617B0095C077 /* realtimeruner.ai */ = {isa = PBXFileReference; fileEncoding = 4; lastKnownFileType = text; path = realtimeruner.ai; sourceTree = "<group>"; };
		C454E70C1C94617B0095C077 /* realtimeruner58.png */ = {isa = PBXFileReference; lastKnownFileType = image.png; path = realtimeruner58.png; sourceTree = "<group>"; };
		C454E70D1C94617B0095C077 /* realtimeruner80.png */ = {isa = PBXFileReference; lastKnownFileType = image.png; path = realtimeruner80.png; sourceTree = "<group>"; };
		C454E70E1C94617B0095C077 /* realtimeruner87.png */ = {isa = PBXFileReference; lastKnownFileType = image.png; path = realtimeruner87.png; sourceTree = "<group>"; };
		C454E70F1C94617B0095C077 /* realtimeruner120.png */ = {isa = PBXFileReference; lastKnownFileType = image.png; path = realtimeruner120.png; sourceTree = "<group>"; };
		C454E7101C94617B0095C077 /* realtimeruner180.png */ = {isa = PBXFileReference; lastKnownFileType = image.png; path = realtimeruner180.png; sourceTree = "<group>"; };
		C46DA44C1C95C04D0095846D /* launchImage.png */ = {isa = PBXFileReference; lastKnownFileType = image.png; path = launchImage.png; sourceTree = "<group>"; };
		C46DA44E1C95C0D40095846D /* launchImage.ai */ = {isa = PBXFileReference; fileEncoding = 4; lastKnownFileType = text; path = launchImage.ai; sourceTree = "<group>"; };
		C48647E71C78983C005AB06F /* SharedLocationManager.swift */ = {isa = PBXFileReference; fileEncoding = 4; lastKnownFileType = sourcecode.swift; path = SharedLocationManager.swift; sourceTree = "<group>"; };
		C48647E91C7898DA005AB06F /* RaceRecordViewController.swift */ = {isa = PBXFileReference; fileEncoding = 4; lastKnownFileType = sourcecode.swift; path = RaceRecordViewController.swift; sourceTree = "<group>"; };
		C48647EB1C78A593005AB06F /* MapViewController.swift */ = {isa = PBXFileReference; fileEncoding = 4; lastKnownFileType = sourcecode.swift; path = MapViewController.swift; sourceTree = "<group>"; };
		C48866ED1C96C0E7006AE48C /* IOSBackgroundSwitcherView.swift */ = {isa = PBXFileReference; fileEncoding = 4; lastKnownFileType = sourcecode.swift; path = IOSBackgroundSwitcherView.swift; sourceTree = "<group>"; };
		C496BC611C8E01F800DF2187 /* gear_24.png */ = {isa = PBXFileReference; lastKnownFileType = image.png; path = gear_24.png; sourceTree = "<group>"; };
		C496BC621C8E01F800DF2187 /* history@2x.png */ = {isa = PBXFileReference; lastKnownFileType = image.png; path = "history@2x.png"; sourceTree = "<group>"; };
		C496BC631C8E01F800DF2187 /* runner@2x.png */ = {isa = PBXFileReference; lastKnownFileType = image.png; path = "runner@2x.png"; sourceTree = "<group>"; };
		C496BC6C1C93184900DF2187 /* realTimeRunning 3.xcdatamodel */ = {isa = PBXFileReference; lastKnownFileType = wrapper.xcdatamodel; path = "realTimeRunning 3.xcdatamodel"; sourceTree = "<group>"; };
		C496BC6D1C93190B00DF2187 /* Settings+CoreDataProperties.swift */ = {isa = PBXFileReference; fileEncoding = 4; lastKnownFileType = sourcecode.swift; path = "Settings+CoreDataProperties.swift"; sourceTree = "<group>"; };
		C496BC6E1C93190B00DF2187 /* Settings.swift */ = {isa = PBXFileReference; fileEncoding = 4; lastKnownFileType = sourcecode.swift; path = Settings.swift; sourceTree = "<group>"; };
		C4DEF2A51C95B6BA00CE1413 /* LaunchScreenViewController.swift */ = {isa = PBXFileReference; fileEncoding = 4; lastKnownFileType = sourcecode.swift; path = LaunchScreenViewController.swift; sourceTree = "<group>"; };
		C4E24C431C88BB15006F5712 /* realTimeRunning 2.xcdatamodel */ = {isa = PBXFileReference; lastKnownFileType = wrapper.xcdatamodel; path = "realTimeRunning 2.xcdatamodel"; sourceTree = "<group>"; };
		C4E24C481C88BDA4006F5712 /* ErrorLog+CoreDataProperties.swift */ = {isa = PBXFileReference; fileEncoding = 4; lastKnownFileType = sourcecode.swift; path = "ErrorLog+CoreDataProperties.swift"; sourceTree = "<group>"; };
		C4E24C491C88BDA4006F5712 /* ErrorLog.swift */ = {isa = PBXFileReference; fileEncoding = 4; lastKnownFileType = sourcecode.swift; path = ErrorLog.swift; sourceTree = "<group>"; };
		C4E24C4C1C88E082006F5712 /* ErrorLogTableViewController.swift */ = {isa = PBXFileReference; fileEncoding = 4; lastKnownFileType = sourcecode.swift; path = ErrorLogTableViewController.swift; sourceTree = "<group>"; };
		C4E24C4E1C88E441006F5712 /* ErrorLogTableViewCell.swift */ = {isa = PBXFileReference; fileEncoding = 4; lastKnownFileType = sourcecode.swift; path = ErrorLogTableViewCell.swift; sourceTree = "<group>"; };
		C4E24C501C899F64006F5712 /* settingsTableViewCell.swift */ = {isa = PBXFileReference; fileEncoding = 4; lastKnownFileType = sourcecode.swift; path = settingsTableViewCell.swift; sourceTree = "<group>"; };
		C4EC42F91C7F2D5600A458E3 /* raceHistoryTableViewCell.swift */ = {isa = PBXFileReference; fileEncoding = 4; lastKnownFileType = sourcecode.swift; path = raceHistoryTableViewCell.swift; sourceTree = "<group>"; };
		C4EC42FB1C7F2DF200A458E3 /* raceHistoryTableViewController.swift */ = {isa = PBXFileReference; fileEncoding = 4; lastKnownFileType = sourcecode.swift; name = raceHistoryTableViewController.swift; path = ../raceHistoryTableViewController.swift; sourceTree = "<group>"; };
		C4EC42FD1C7F402D00A458E3 /* raceHistorySummaryViewController.swift */ = {isa = PBXFileReference; fileEncoding = 4; lastKnownFileType = sourcecode.swift; path = raceHistorySummaryViewController.swift; sourceTree = "<group>"; };
		C4EC42FF1C7F5ABC00A458E3 /* RaceGraphViewController.swift */ = {isa = PBXFileReference; fileEncoding = 4; lastKnownFileType = sourcecode.swift; path = RaceGraphViewController.swift; sourceTree = "<group>"; };
		C4EC43011C7F5C1B00A458E3 /* utilityFunctions.swift */ = {isa = PBXFileReference; fileEncoding = 4; lastKnownFileType = sourcecode.swift; path = utilityFunctions.swift; sourceTree = "<group>"; };
		C4EC43051C7F5FF600A458E3 /* UIGraphView.swift */ = {isa = PBXFileReference; fileEncoding = 4; lastKnownFileType = sourcecode.swift; name = UIGraphView.swift; path = ../UIGraphView.swift; sourceTree = "<group>"; };
		C4EC43071C7F77AD00A458E3 /* settingsTableViewController.swift */ = {isa = PBXFileReference; fileEncoding = 4; lastKnownFileType = sourcecode.swift; path = settingsTableViewController.swift; sourceTree = "<group>"; };
		D226B4A61C73B28400366800 /* RealTimeRunning.app */ = {isa = PBXFileReference; explicitFileType = wrapper.application; includeInIndex = 0; path = RealTimeRunning.app; sourceTree = BUILT_PRODUCTS_DIR; };
		D226B4A91C73B28400366800 /* AppDelegate.swift */ = {isa = PBXFileReference; lastKnownFileType = sourcecode.swift; path = AppDelegate.swift; sourceTree = "<group>"; };
		D226B4AB1C73B28400366800 /* HomeViewController.swift */ = {isa = PBXFileReference; lastKnownFileType = sourcecode.swift; path = HomeViewController.swift; sourceTree = "<group>"; };
		D226B4AE1C73B28400366800 /* Base */ = {isa = PBXFileReference; lastKnownFileType = file.storyboard; name = Base; path = Base.lproj/Main.storyboard; sourceTree = "<group>"; };
		D226B4B01C73B28400366800 /* Assets.xcassets */ = {isa = PBXFileReference; lastKnownFileType = folder.assetcatalog; path = Assets.xcassets; sourceTree = "<group>"; };
		D226B4B31C73B28400366800 /* Base */ = {isa = PBXFileReference; lastKnownFileType = file.storyboard; name = Base; path = Base.lproj/LaunchScreen.storyboard; sourceTree = "<group>"; };
		D226B4B51C73B28400366800 /* Info.plist */ = {isa = PBXFileReference; lastKnownFileType = text.plist.xml; path = Info.plist; sourceTree = "<group>"; };
		D226B4BA1C73B28400366800 /* RealTimeRunningTests.xctest */ = {isa = PBXFileReference; explicitFileType = wrapper.cfbundle; includeInIndex = 0; path = RealTimeRunningTests.xctest; sourceTree = BUILT_PRODUCTS_DIR; };
		D226B4BE1C73B28400366800 /* RealTimeRunningTests.swift */ = {isa = PBXFileReference; lastKnownFileType = sourcecode.swift; path = RealTimeRunningTests.swift; sourceTree = "<group>"; };
		D226B4C01C73B28400366800 /* Info.plist */ = {isa = PBXFileReference; lastKnownFileType = text.plist.xml; path = Info.plist; sourceTree = "<group>"; };
		D240E5281CA066A000B2A4CE /* Races.swift */ = {isa = PBXFileReference; fileEncoding = 4; lastKnownFileType = sourcecode.swift; path = Races.swift; sourceTree = "<group>"; };
		D240E52B1CA16F3200B2A4CE /* Events.swift */ = {isa = PBXFileReference; fileEncoding = 4; lastKnownFileType = sourcecode.swift; path = Events.swift; sourceTree = "<group>"; };
		D240E52D1CA17D8000B2A4CE /* Users.swift */ = {isa = PBXFileReference; fileEncoding = 4; lastKnownFileType = sourcecode.swift; path = Users.swift; sourceTree = "<group>"; };
		D27D67821C81ABF800338D01 /* Oswald-ExtraLight.ttf */ = {isa = PBXFileReference; lastKnownFileType = file; path = "Oswald-ExtraLight.ttf"; sourceTree = "<group>"; };
		D27D67831C81ABF800338D01 /* Oswald-Light.ttf */ = {isa = PBXFileReference; lastKnownFileType = file; path = "Oswald-Light.ttf"; sourceTree = "<group>"; };
		D27D67841C81ABF800338D01 /* Oswald-Medium.ttf */ = {isa = PBXFileReference; lastKnownFileType = file; path = "Oswald-Medium.ttf"; sourceTree = "<group>"; };
		D27D67851C81ABF800338D01 /* Oswald-Regular.ttf */ = {isa = PBXFileReference; lastKnownFileType = file; path = "Oswald-Regular.ttf"; sourceTree = "<group>"; };
		D2830BD81C73D52B00B1B1A8 /* FBSDKCoreKit.framework */ = {isa = PBXFileReference; lastKnownFileType = wrapper.framework; path = FBSDKCoreKit.framework; sourceTree = "<group>"; };
		D2830BDA1C73D53500B1B1A8 /* FBSDKLoginKit.framework */ = {isa = PBXFileReference; lastKnownFileType = wrapper.framework; path = FBSDKLoginKit.framework; sourceTree = "<group>"; };
		D299ABF01C8DD76500FE219C /* CompetitorsTableViewCell.swift */ = {isa = PBXFileReference; fileEncoding = 4; lastKnownFileType = sourcecode.swift; path = CompetitorsTableViewCell.swift; sourceTree = "<group>"; };
		D299ABF41C91755F00FE219C /* Competitor.swift */ = {isa = PBXFileReference; fileEncoding = 4; lastKnownFileType = sourcecode.swift; path = Competitor.swift; sourceTree = "<group>"; };
		D299AC021C9BF30D00FE219C /* CurrentUser.swift */ = {isa = PBXFileReference; fileEncoding = 4; lastKnownFileType = sourcecode.swift; path = CurrentUser.swift; sourceTree = "<group>"; };
		D2AFE1FD1C75EA06009750A8 /* Race.swift */ = {isa = PBXFileReference; fileEncoding = 4; lastKnownFileType = sourcecode.swift; path = Race.swift; sourceTree = "<group>"; };
		D2AFE1FF1C75EBC3009750A8 /* User.swift */ = {isa = PBXFileReference; fileEncoding = 4; lastKnownFileType = sourcecode.swift; path = User.swift; sourceTree = "<group>"; };
		D2AFE2011C75F42B009750A8 /* RacesTableViewController.swift */ = {isa = PBXFileReference; fileEncoding = 4; lastKnownFileType = sourcecode.swift; path = RacesTableViewController.swift; sourceTree = "<group>"; };
		D2AFE2051C7602CB009750A8 /* RaceTableViewCell.swift */ = {isa = PBXFileReference; fileEncoding = 4; lastKnownFileType = sourcecode.swift; path = RaceTableViewCell.swift; sourceTree = "<group>"; };
		E03FA64D4A6A3E2D3BD9503F /* Pods-RealTimeRunningTests.release.xcconfig */ = {isa = PBXFileReference; includeInIndex = 1; lastKnownFileType = text.xcconfig; name = "Pods-RealTimeRunningTests.release.xcconfig"; path = "Pods/Target Support Files/Pods-RealTimeRunningTests/Pods-RealTimeRunningTests.release.xcconfig"; sourceTree = "<group>"; };
		FA77EDEB677191A8B3B61085 /* Pods-RealTimeRunning.debug.xcconfig */ = {isa = PBXFileReference; includeInIndex = 1; lastKnownFileType = text.xcconfig; name = "Pods-RealTimeRunning.debug.xcconfig"; path = "Pods/Target Support Files/Pods-RealTimeRunning/Pods-RealTimeRunning.debug.xcconfig"; sourceTree = "<group>"; };
/* End PBXFileReference section */

/* Begin PBXFrameworksBuildPhase section */
		D226B4A31C73B28400366800 /* Frameworks */ = {
			isa = PBXFrameworksBuildPhase;
			buildActionMask = 2147483647;
			files = (
				D2830BDB1C73D53500B1B1A8 /* FBSDKLoginKit.framework in Frameworks */,
				D2830BD91C73D52B00B1B1A8 /* FBSDKCoreKit.framework in Frameworks */,
				C972B99C9726F5205BBCD046 /* Pods_RealTimeRunning.framework in Frameworks */,
			);
			runOnlyForDeploymentPostprocessing = 0;
		};
		D226B4B71C73B28400366800 /* Frameworks */ = {
			isa = PBXFrameworksBuildPhase;
			buildActionMask = 2147483647;
			files = (
				C4E24C421C86F93B006F5712 /* FBSDKLoginKit.framework in Frameworks */,
				C4E24C411C86F92E006F5712 /* FBSDKCoreKit.framework in Frameworks */,
				F26242D9C92B38A80BBFC014 /* Pods_RealTimeRunningTests.framework in Frameworks */,
			);
			runOnlyForDeploymentPostprocessing = 0;
		};
/* End PBXFrameworksBuildPhase section */

/* Begin PBXGroup section */
		876C005A6A74BA1389B7C62E /* Pods */ = {
			isa = PBXGroup;
			children = (
				FA77EDEB677191A8B3B61085 /* Pods-RealTimeRunning.debug.xcconfig */,
				1470CD3C775CFC279C23ED3C /* Pods-RealTimeRunning.release.xcconfig */,
				A209476DC16635C56BD40475 /* Pods-RealTimeRunningTests.debug.xcconfig */,
				E03FA64D4A6A3E2D3BD9503F /* Pods-RealTimeRunningTests.release.xcconfig */,
			);
			name = Pods;
			sourceTree = "<group>";
		};
		D226B49D1C73B28400366800 = {
			isa = PBXGroup;
			children = (
				C496BC6D1C93190B00DF2187 /* Settings+CoreDataProperties.swift */,
				C496BC6E1C93190B00DF2187 /* Settings.swift */,
				C4E24C481C88BDA4006F5712 /* ErrorLog+CoreDataProperties.swift */,
				C4E24C491C88BDA4006F5712 /* ErrorLog.swift */,
				C42C388C1C7E0F0B0080BFFC /* RunData+CoreDataProperties.swift */,
				C42C388D1C7E0F0B0080BFFC /* RunData.swift */,
				C42C388E1C7E0F0B0080BFFC /* RunDetail+CoreDataProperties.swift */,
				C42C388F1C7E0F0B0080BFFC /* RunDetail.swift */,
				D2830BDA1C73D53500B1B1A8 /* FBSDKLoginKit.framework */,
				D2830BD81C73D52B00B1B1A8 /* FBSDKCoreKit.framework */,
				D226B4A81C73B28400366800 /* RealTimeRunning */,
				D226B4BD1C73B28400366800 /* RealTimeRunningTests */,
				D226B4A71C73B28400366800 /* Products */,
				876C005A6A74BA1389B7C62E /* Pods */,
				FA057A9457C69F1EB1E0CAD8 /* Frameworks */,
			);
			sourceTree = "<group>";
		};
		D226B4A71C73B28400366800 /* Products */ = {
			isa = PBXGroup;
			children = (
				D226B4A61C73B28400366800 /* RealTimeRunning.app */,
				D226B4BA1C73B28400366800 /* RealTimeRunningTests.xctest */,
			);
			name = Products;
			sourceTree = "<group>";
		};
		D226B4A81C73B28400366800 /* RealTimeRunning */ = {
			isa = PBXGroup;
			children = (
				D226B4A91C73B28400366800 /* AppDelegate.swift */,
				D235C3401C809B8B00893BB6 /* Resources */,
				D2B341751C89A2620024114C /* Utilities */,
				D2B341711C89A1DF0024114C /* Controllers */,
				D2B341741C89A2420024114C /* Components */,
				D2B341721C89A21B0024114C /* Views */,
				D240E5271CA0668200B2A4CE /* Collections */,
				D2B341701C89A1B30024114C /* Models */,
				D2B341731C89A2300024114C /* Logging */,
				D226B4B01C73B28400366800 /* Assets.xcassets */,
				C496BC611C8E01F800DF2187 /* gear_24.png */,
				C496BC621C8E01F800DF2187 /* history@2x.png */,
				C496BC631C8E01F800DF2187 /* runner@2x.png */,
				D226B4AD1C73B28400366800 /* Main.storyboard */,
				D226B4B21C73B28400366800 /* LaunchScreen.storyboard */,
				C42C383C1C7DC3C70080BFFC /* realTimeRunning.xcdatamodeld */,
				D226B4B51C73B28400366800 /* Info.plist */,
			);
			path = RealTimeRunning;
			sourceTree = "<group>";
		};
		D226B4BD1C73B28400366800 /* RealTimeRunningTests */ = {
			isa = PBXGroup;
			children = (
				D226B4BE1C73B28400366800 /* RealTimeRunningTests.swift */,
				D226B4C01C73B28400366800 /* Info.plist */,
			);
			path = RealTimeRunningTests;
			sourceTree = "<group>";
		};
		D235C3401C809B8B00893BB6 /* Resources */ = {
			isa = PBXGroup;
			children = (
				D27D67821C81ABF800338D01 /* Oswald-ExtraLight.ttf */,
				D27D67831C81ABF800338D01 /* Oswald-Light.ttf */,
				D27D67841C81ABF800338D01 /* Oswald-Medium.ttf */,
				D27D67851C81ABF800338D01 /* Oswald-Regular.ttf */,
				C454E70B1C94617B0095C077 /* realtimeruner.ai */,
				C454E70C1C94617B0095C077 /* realtimeruner58.png */,
				C454E70D1C94617B0095C077 /* realtimeruner80.png */,
				C454E70E1C94617B0095C077 /* realtimeruner87.png */,
				C454E70F1C94617B0095C077 /* realtimeruner120.png */,
				C454E7101C94617B0095C077 /* realtimeruner180.png */,
				C46DA44E1C95C0D40095846D /* launchImage.ai */,
				C46DA44C1C95C04D0095846D /* launchImage.png */,
			);
			name = Resources;
			sourceTree = "<group>";
		};
		D240E5271CA0668200B2A4CE /* Collections */ = {
			isa = PBXGroup;
			children = (
				D240E5281CA066A000B2A4CE /* Races.swift */,
				D240E52D1CA17D8000B2A4CE /* Users.swift */,
			);
			name = Collections;
			sourceTree = "<group>";
		};
		D2B341701C89A1B30024114C /* Models */ = {
			isa = PBXGroup;
			children = (
				D299AC021C9BF30D00FE219C /* CurrentUser.swift */,
				D2AFE1FD1C75EA06009750A8 /* Race.swift */,
				D2AFE1FF1C75EBC3009750A8 /* User.swift */,
				D299ABF41C91755F00FE219C /* Competitor.swift */,
			);
			name = Models;
			sourceTree = "<group>";
		};
		D2B341711C89A1DF0024114C /* Controllers */ = {
			isa = PBXGroup;
			children = (
				C4DEF2A51C95B6BA00CE1413 /* LaunchScreenViewController.swift */,
				D226B4AB1C73B28400366800 /* HomeViewController.swift */,
				C48647EB1C78A593005AB06F /* MapViewController.swift */,
				C48647E91C7898DA005AB06F /* RaceRecordViewController.swift */,
				C42C38881C7E0B660080BFFC /* RawRaceDataTableViewController.swift */,
				C4EC42FB1C7F2DF200A458E3 /* raceHistoryTableViewController.swift */,
				C4EC42FD1C7F402D00A458E3 /* raceHistorySummaryViewController.swift */,
				C4EC42FF1C7F5ABC00A458E3 /* RaceGraphViewController.swift */,
				C4EC43071C7F77AD00A458E3 /* settingsTableViewController.swift */,
				D2AFE2011C75F42B009750A8 /* RacesTableViewController.swift */,
			);
			name = Controllers;
			sourceTree = "<group>";
		};
		D2B341721C89A21B0024114C /* Views */ = {
			isa = PBXGroup;
			children = (
				C48866ED1C96C0E7006AE48C /* IOSBackgroundSwitcherView.swift */,
				C4E24C501C899F64006F5712 /* settingsTableViewCell.swift */,
				C4EC42F91C7F2D5600A458E3 /* raceHistoryTableViewCell.swift */,
				C42C388A1C7E0D150080BFFC /* RawTableViewCell.swift */,
				D2AFE2051C7602CB009750A8 /* RaceTableViewCell.swift */,
				D299ABF01C8DD76500FE219C /* CompetitorsTableViewCell.swift */,
			);
			name = Views;
			sourceTree = "<group>";
		};
		D2B341731C89A2300024114C /* Logging */ = {
			isa = PBXGroup;
			children = (
				C4E24C4C1C88E082006F5712 /* ErrorLogTableViewController.swift */,
				C4E24C4E1C88E441006F5712 /* ErrorLogTableViewCell.swift */,
			);
			name = Logging;
			sourceTree = "<group>";
		};
		D2B341741C89A2420024114C /* Components */ = {
			isa = PBXGroup;
			children = (
				C4EC43051C7F5FF600A458E3 /* UIGraphView.swift */,
				C42839ED1C8DB18300049B7C /* UIPanelView.swift */,
				C48647E71C78983C005AB06F /* SharedLocationManager.swift */,
				C42C38941C7E13E20080BFFC /* latLonFormats.swift */,
				D240E52B1CA16F3200B2A4CE /* Events.swift */,
			);
			name = Components;
			sourceTree = "<group>";
		};
		D2B341751C89A2620024114C /* Utilities */ = {
			isa = PBXGroup;
			children = (
				C4EC43011C7F5C1B00A458E3 /* utilityFunctions.swift */,
			);
			name = Utilities;
			sourceTree = "<group>";
		};
		FA057A9457C69F1EB1E0CAD8 /* Frameworks */ = {
			isa = PBXGroup;
			children = (
				79F7C1862193F743D04764FC /* Pods_RealTimeRunning.framework */,
				54B04F00C144E9C6F830EF8A /* Pods_RealTimeRunningTests.framework */,
			);
			name = Frameworks;
			sourceTree = "<group>";
		};
/* End PBXGroup section */

/* Begin PBXNativeTarget section */
		D226B4A51C73B28400366800 /* RealTimeRunning */ = {
			isa = PBXNativeTarget;
			buildConfigurationList = D226B4C31C73B28400366800 /* Build configuration list for PBXNativeTarget "RealTimeRunning" */;
			buildPhases = (
				090E4A7FAFE826A6C065BE7B /* Check Pods Manifest.lock */,
				D226B4A21C73B28400366800 /* Sources */,
				D226B4A31C73B28400366800 /* Frameworks */,
				D226B4A41C73B28400366800 /* Resources */,
				C4FA10471C7CDB7400C390B3 /* Embed Frameworks */,
				8F96CB215D198A0FA588D6B3 /* Embed Pods Frameworks */,
				50DAE67E80A6D9BAE4F1545E /* Copy Pods Resources */,
			);
			buildRules = (
			);
			dependencies = (
			);
			name = RealTimeRunning;
			productName = RealTimeRunning;
			productReference = D226B4A61C73B28400366800 /* RealTimeRunning.app */;
			productType = "com.apple.product-type.application";
		};
		D226B4B91C73B28400366800 /* RealTimeRunningTests */ = {
			isa = PBXNativeTarget;
			buildConfigurationList = D226B4C61C73B28400366800 /* Build configuration list for PBXNativeTarget "RealTimeRunningTests" */;
			buildPhases = (
				8BB5054FA1B08E16EF15C929 /* Check Pods Manifest.lock */,
				D226B4B61C73B28400366800 /* Sources */,
				D226B4B71C73B28400366800 /* Frameworks */,
				D226B4B81C73B28400366800 /* Resources */,
				EBA1EE22E06C01B94BC7D558 /* Embed Pods Frameworks */,
				595D1BCD981AFB720744F575 /* Copy Pods Resources */,
			);
			buildRules = (
			);
			dependencies = (
				D226B4BC1C73B28400366800 /* PBXTargetDependency */,
			);
			name = RealTimeRunningTests;
			productName = RealTimeRunningTests;
			productReference = D226B4BA1C73B28400366800 /* RealTimeRunningTests.xctest */;
			productType = "com.apple.product-type.bundle.unit-test";
		};
/* End PBXNativeTarget section */

/* Begin PBXProject section */
		D226B49E1C73B28400366800 /* Project object */ = {
			isa = PBXProject;
			attributes = {
				LastSwiftUpdateCheck = 0720;
				LastUpgradeCheck = 0720;
				ORGANIZATIONNAME = "Scott Ashmore";
				TargetAttributes = {
					D226B4A51C73B28400366800 = {
						CreatedOnToolsVersion = 7.2.1;
						DevelopmentTeam = 2M48QV2N86;
						SystemCapabilities = {
							com.apple.BackgroundModes = {
								enabled = 1;
							};
						};
					};
					D226B4B91C73B28400366800 = {
						CreatedOnToolsVersion = 7.2.1;
						TestTargetID = D226B4A51C73B28400366800;
					};
				};
			};
			buildConfigurationList = D226B4A11C73B28400366800 /* Build configuration list for PBXProject "RealTimeRunning" */;
			compatibilityVersion = "Xcode 3.2";
			developmentRegion = English;
			hasScannedForEncodings = 0;
			knownRegions = (
				en,
				Base,
			);
			mainGroup = D226B49D1C73B28400366800;
			productRefGroup = D226B4A71C73B28400366800 /* Products */;
			projectDirPath = "";
			projectRoot = "";
			targets = (
				D226B4A51C73B28400366800 /* RealTimeRunning */,
				D226B4B91C73B28400366800 /* RealTimeRunningTests */,
			);
		};
/* End PBXProject section */

/* Begin PBXResourcesBuildPhase section */
		D226B4A41C73B28400366800 /* Resources */ = {
			isa = PBXResourcesBuildPhase;
			buildActionMask = 2147483647;
			files = (
				D2B3416C1C8843150024114C /* Oswald-ExtraLight.ttf in Resources */,
				C46DA44D1C95C04D0095846D /* launchImage.png in Resources */,
				D2B3416D1C8843150024114C /* Oswald-Light.ttf in Resources */,
				C454E7121C94617B0095C077 /* realtimeruner58.png in Resources */,
				C496BC641C8E01F800DF2187 /* gear_24.png in Resources */,
				C454E7141C94617B0095C077 /* realtimeruner87.png in Resources */,
				D2B3416E1C8843150024114C /* Oswald-Medium.ttf in Resources */,
				D2B3416F1C8843150024114C /* Oswald-Regular.ttf in Resources */,
				C454E7111C94617B0095C077 /* realtimeruner.ai in Resources */,
				D226B4B41C73B28400366800 /* LaunchScreen.storyboard in Resources */,
				C46DA44F1C95C0D40095846D /* launchImage.ai in Resources */,
				C496BC651C8E01F800DF2187 /* history@2x.png in Resources */,
				C454E7151C94617B0095C077 /* realtimeruner120.png in Resources */,
				D226B4B11C73B28400366800 /* Assets.xcassets in Resources */,
				C496BC661C8E01F800DF2187 /* runner@2x.png in Resources */,
				C454E7131C94617B0095C077 /* realtimeruner80.png in Resources */,
				D226B4AF1C73B28400366800 /* Main.storyboard in Resources */,
				C454E7161C94617B0095C077 /* realtimeruner180.png in Resources */,
			);
			runOnlyForDeploymentPostprocessing = 0;
		};
		D226B4B81C73B28400366800 /* Resources */ = {
			isa = PBXResourcesBuildPhase;
			buildActionMask = 2147483647;
			files = (
			);
			runOnlyForDeploymentPostprocessing = 0;
		};
/* End PBXResourcesBuildPhase section */

/* Begin PBXShellScriptBuildPhase section */
		090E4A7FAFE826A6C065BE7B /* Check Pods Manifest.lock */ = {
			isa = PBXShellScriptBuildPhase;
			buildActionMask = 2147483647;
			files = (
			);
			inputPaths = (
			);
			name = "Check Pods Manifest.lock";
			outputPaths = (
			);
			runOnlyForDeploymentPostprocessing = 0;
			shellPath = /bin/sh;
			shellScript = "diff \"${PODS_ROOT}/../Podfile.lock\" \"${PODS_ROOT}/Manifest.lock\" > /dev/null\nif [[ $? != 0 ]] ; then\n    cat << EOM\nerror: The sandbox is not in sync with the Podfile.lock. Run 'pod install' or update your CocoaPods installation.\nEOM\n    exit 1\nfi\n";
			showEnvVarsInLog = 0;
		};
		50DAE67E80A6D9BAE4F1545E /* Copy Pods Resources */ = {
			isa = PBXShellScriptBuildPhase;
			buildActionMask = 2147483647;
			files = (
			);
			inputPaths = (
			);
			name = "Copy Pods Resources";
			outputPaths = (
			);
			runOnlyForDeploymentPostprocessing = 0;
			shellPath = /bin/sh;
			shellScript = "\"${SRCROOT}/Pods/Target Support Files/Pods-RealTimeRunning/Pods-RealTimeRunning-resources.sh\"\n";
			showEnvVarsInLog = 0;
		};
		595D1BCD981AFB720744F575 /* Copy Pods Resources */ = {
			isa = PBXShellScriptBuildPhase;
			buildActionMask = 2147483647;
			files = (
			);
			inputPaths = (
			);
			name = "Copy Pods Resources";
			outputPaths = (
			);
			runOnlyForDeploymentPostprocessing = 0;
			shellPath = /bin/sh;
			shellScript = "\"${SRCROOT}/Pods/Target Support Files/Pods-RealTimeRunningTests/Pods-RealTimeRunningTests-resources.sh\"\n";
			showEnvVarsInLog = 0;
		};
		8BB5054FA1B08E16EF15C929 /* Check Pods Manifest.lock */ = {
			isa = PBXShellScriptBuildPhase;
			buildActionMask = 2147483647;
			files = (
			);
			inputPaths = (
			);
			name = "Check Pods Manifest.lock";
			outputPaths = (
			);
			runOnlyForDeploymentPostprocessing = 0;
			shellPath = /bin/sh;
			shellScript = "diff \"${PODS_ROOT}/../Podfile.lock\" \"${PODS_ROOT}/Manifest.lock\" > /dev/null\nif [[ $? != 0 ]] ; then\n    cat << EOM\nerror: The sandbox is not in sync with the Podfile.lock. Run 'pod install' or update your CocoaPods installation.\nEOM\n    exit 1\nfi\n";
			showEnvVarsInLog = 0;
		};
		8F96CB215D198A0FA588D6B3 /* Embed Pods Frameworks */ = {
			isa = PBXShellScriptBuildPhase;
			buildActionMask = 2147483647;
			files = (
			);
			inputPaths = (
			);
			name = "Embed Pods Frameworks";
			outputPaths = (
			);
			runOnlyForDeploymentPostprocessing = 0;
			shellPath = /bin/sh;
			shellScript = "\"${SRCROOT}/Pods/Target Support Files/Pods-RealTimeRunning/Pods-RealTimeRunning-frameworks.sh\"\n";
			showEnvVarsInLog = 0;
		};
		EBA1EE22E06C01B94BC7D558 /* Embed Pods Frameworks */ = {
			isa = PBXShellScriptBuildPhase;
			buildActionMask = 2147483647;
			files = (
			);
			inputPaths = (
			);
			name = "Embed Pods Frameworks";
			outputPaths = (
			);
			runOnlyForDeploymentPostprocessing = 0;
			shellPath = /bin/sh;
			shellScript = "\"${SRCROOT}/Pods/Target Support Files/Pods-RealTimeRunningTests/Pods-RealTimeRunningTests-frameworks.sh\"\n";
			showEnvVarsInLog = 0;
		};
/* End PBXShellScriptBuildPhase section */

/* Begin PBXSourcesBuildPhase section */
		D226B4A21C73B28400366800 /* Sources */ = {
			isa = PBXSourcesBuildPhase;
			buildActionMask = 2147483647;
			files = (
				D240E52C1CA16F3200B2A4CE /* Events.swift in Sources */,
				C42C38921C7E0F0B0080BFFC /* RunDetail+CoreDataProperties.swift in Sources */,
				C42C383E1C7DC3C70080BFFC /* realTimeRunning.xcdatamodeld in Sources */,
				D240E5291CA066A000B2A4CE /* Races.swift in Sources */,
				C4EC42FE1C7F402D00A458E3 /* raceHistorySummaryViewController.swift in Sources */,
				D2AFE2061C7602CB009750A8 /* RaceTableViewCell.swift in Sources */,
				C496BC701C93190B00DF2187 /* Settings.swift in Sources */,
				C4E24C511C899F64006F5712 /* settingsTableViewCell.swift in Sources */,
				C42C38931C7E0F0B0080BFFC /* RunDetail.swift in Sources */,
				C4E24C4F1C88E441006F5712 /* ErrorLogTableViewCell.swift in Sources */,
				C4E24C4B1C88BDA4006F5712 /* ErrorLog.swift in Sources */,
				C42C38911C7E0F0B0080BFFC /* RunData.swift in Sources */,
				C48647E81C78983C005AB06F /* SharedLocationManager.swift in Sources */,
				C4EC43081C7F77AD00A458E3 /* settingsTableViewController.swift in Sources */,
				C42C38891C7E0B660080BFFC /* RawRaceDataTableViewController.swift in Sources */,
				D2AFE2001C75EBC3009750A8 /* User.swift in Sources */,
				C48647EC1C78A593005AB06F /* MapViewController.swift in Sources */,
				C42C38901C7E0F0B0080BFFC /* RunData+CoreDataProperties.swift in Sources */,
				C4EC43021C7F5C1B00A458E3 /* utilityFunctions.swift in Sources */,
				C48647EA1C7898DA005AB06F /* RaceRecordViewController.swift in Sources */,
				D2AFE2031C75F42B009750A8 /* RacesTableViewController.swift in Sources */,
				C4E24C4A1C88BDA4006F5712 /* ErrorLog+CoreDataProperties.swift in Sources */,
				D226B4AC1C73B28400366800 /* HomeViewController.swift in Sources */,
				C48866EE1C96C0E7006AE48C /* IOSBackgroundSwitcherView.swift in Sources */,
				D226B4AA1C73B28400366800 /* AppDelegate.swift in Sources */,
				D299ABF21C8DD76500FE219C /* CompetitorsTableViewCell.swift in Sources */,
				C42C388B1C7E0D150080BFFC /* RawTableViewCell.swift in Sources */,
				C42C38951C7E13E20080BFFC /* latLonFormats.swift in Sources */,
				C4EC42FA1C7F2D5600A458E3 /* raceHistoryTableViewCell.swift in Sources */,
				D299AC031C9BF30D00FE219C /* CurrentUser.swift in Sources */,
				D2AFE1FE1C75EA06009750A8 /* Race.swift in Sources */,
				C4EC43001C7F5ABC00A458E3 /* RaceGraphViewController.swift in Sources */,
				D240E52E1CA17D8000B2A4CE /* Users.swift in Sources */,
				C4E24C4D1C88E082006F5712 /* ErrorLogTableViewController.swift in Sources */,
				C4EC42FC1C7F2DF200A458E3 /* raceHistoryTableViewController.swift in Sources */,
				C4EC43061C7F5FF600A458E3 /* UIGraphView.swift in Sources */,
				D299ABF51C91756000FE219C /* Competitor.swift in Sources */,
				C496BC6F1C93190B00DF2187 /* Settings+CoreDataProperties.swift in Sources */,
				C4DEF2A61C95B6BA00CE1413 /* LaunchScreenViewController.swift in Sources */,
				C42839EE1C8DB18300049B7C /* UIPanelView.swift in Sources */,
			);
			runOnlyForDeploymentPostprocessing = 0;
		};
		D226B4B61C73B28400366800 /* Sources */ = {
			isa = PBXSourcesBuildPhase;
			buildActionMask = 2147483647;
			files = (
				D226B4BF1C73B28400366800 /* RealTimeRunningTests.swift in Sources */,
			);
			runOnlyForDeploymentPostprocessing = 0;
		};
/* End PBXSourcesBuildPhase section */

/* Begin PBXTargetDependency section */
		D226B4BC1C73B28400366800 /* PBXTargetDependency */ = {
			isa = PBXTargetDependency;
			target = D226B4A51C73B28400366800 /* RealTimeRunning */;
			targetProxy = D226B4BB1C73B28400366800 /* PBXContainerItemProxy */;
		};
/* End PBXTargetDependency section */

/* Begin PBXVariantGroup section */
		D226B4AD1C73B28400366800 /* Main.storyboard */ = {
			isa = PBXVariantGroup;
			children = (
				D226B4AE1C73B28400366800 /* Base */,
			);
			name = Main.storyboard;
			sourceTree = "<group>";
		};
		D226B4B21C73B28400366800 /* LaunchScreen.storyboard */ = {
			isa = PBXVariantGroup;
			children = (
				D226B4B31C73B28400366800 /* Base */,
			);
			name = LaunchScreen.storyboard;
			sourceTree = "<group>";
		};
/* End PBXVariantGroup section */

/* Begin XCBuildConfiguration section */
		C496BC671C8F321500DF2187 /* bobs copy debug */ = {
			isa = XCBuildConfiguration;
			buildSettings = {
				ALWAYS_SEARCH_USER_PATHS = NO;
				CLANG_CXX_LANGUAGE_STANDARD = "gnu++0x";
				CLANG_CXX_LIBRARY = "libc++";
				CLANG_ENABLE_MODULES = YES;
				CLANG_ENABLE_OBJC_ARC = YES;
				CLANG_WARN_BOOL_CONVERSION = YES;
				CLANG_WARN_CONSTANT_CONVERSION = YES;
				CLANG_WARN_DIRECT_OBJC_ISA_USAGE = YES_ERROR;
				CLANG_WARN_EMPTY_BODY = YES;
				CLANG_WARN_ENUM_CONVERSION = YES;
				CLANG_WARN_INT_CONVERSION = YES;
				CLANG_WARN_OBJC_ROOT_CLASS = YES_ERROR;
				CLANG_WARN_UNREACHABLE_CODE = YES;
				CLANG_WARN__DUPLICATE_METHOD_MATCH = YES;
				CODE_SIGN_IDENTITY = "iPhone Developer";
				"CODE_SIGN_IDENTITY[sdk=iphoneos*]" = "iPhone Developer";
				COPY_PHASE_STRIP = NO;
				DEBUG_INFORMATION_FORMAT = dwarf;
				ENABLE_STRICT_OBJC_MSGSEND = YES;
				ENABLE_TESTABILITY = YES;
				GCC_C_LANGUAGE_STANDARD = gnu99;
				GCC_DYNAMIC_NO_PIC = NO;
				GCC_NO_COMMON_BLOCKS = YES;
				GCC_OPTIMIZATION_LEVEL = 0;
				GCC_PREPROCESSOR_DEFINITIONS = (
					"DEBUG=1",
					"$(inherited)",
				);
				GCC_WARN_64_TO_32_BIT_CONVERSION = YES;
				GCC_WARN_ABOUT_RETURN_TYPE = YES_ERROR;
				GCC_WARN_UNDECLARED_SELECTOR = YES;
				GCC_WARN_UNINITIALIZED_AUTOS = YES_AGGRESSIVE;
				GCC_WARN_UNUSED_FUNCTION = YES;
				GCC_WARN_UNUSED_VARIABLE = YES;
				IPHONEOS_DEPLOYMENT_TARGET = 9.2;
				MTL_ENABLE_DEBUG_INFO = YES;
				ONLY_ACTIVE_ARCH = YES;
				SDKROOT = iphoneos;
				SWIFT_OPTIMIZATION_LEVEL = "-Onone";
				TARGETED_DEVICE_FAMILY = "1,2";
			};
			name = "bobs copy debug";
		};
		C496BC681C8F321500DF2187 /* bobs copy debug */ = {
			isa = XCBuildConfiguration;
			baseConfigurationReference = FA77EDEB677191A8B3B61085 /* Pods-RealTimeRunning.debug.xcconfig */;
			buildSettings = {
				ASSETCATALOG_COMPILER_APPICON_NAME = AppIcon;
				CODE_SIGN_IDENTITY = "iPhone Developer";
				"CODE_SIGN_IDENTITY[sdk=iphoneos*]" = "iPhone Developer";
				EMBEDDED_CONTENT_CONTAINS_SWIFT = YES;
				FRAMEWORK_SEARCH_PATHS = (
					"$(inherited)",
					"$(PROJECT_DIR)",
				);
				INFOPLIST_FILE = RealTimeRunning/Info.plist;
				IPHONEOS_DEPLOYMENT_TARGET = 9.2;
				LD_RUNPATH_SEARCH_PATHS = "$(inherited) @executable_path/Frameworks";
				PRODUCT_BUNDLE_IDENTIFIER = net.scottashmore.RealTimeRunning;
				PRODUCT_NAME = "$(TARGET_NAME)";
				PROVISIONING_PROFILE = "";
				SWIFT_INSTALL_OBJC_HEADER = NO;
				TARGETED_DEVICE_FAMILY = 1;
			};
			name = "bobs copy debug";
		};
		C496BC691C8F321500DF2187 /* bobs copy debug */ = {
			isa = XCBuildConfiguration;
			baseConfigurationReference = A209476DC16635C56BD40475 /* Pods-RealTimeRunningTests.debug.xcconfig */;
			buildSettings = {
				BUNDLE_LOADER = "$(TEST_HOST)";
				FRAMEWORK_SEARCH_PATHS = (
					"$(inherited)",
					"$(PROJECT_DIR)",
				);
				INFOPLIST_FILE = RealTimeRunningTests/Info.plist;
				LD_RUNPATH_SEARCH_PATHS = "$(inherited) @executable_path/Frameworks @loader_path/Frameworks";
				PRODUCT_BUNDLE_IDENTIFIER = net.scottashmore.RealTimeRunningTests;
				PRODUCT_NAME = "$(TARGET_NAME)";
				TEST_HOST = "$(BUILT_PRODUCTS_DIR)/RealTimeRunning.app/RealTimeRunning";
			};
			name = "bobs copy debug";
		};
		D226B4C11C73B28400366800 /* Debug */ = {
			isa = XCBuildConfiguration;
			buildSettings = {
				ALWAYS_SEARCH_USER_PATHS = NO;
				CLANG_CXX_LANGUAGE_STANDARD = "gnu++0x";
				CLANG_CXX_LIBRARY = "libc++";
				CLANG_ENABLE_MODULES = YES;
				CLANG_ENABLE_OBJC_ARC = YES;
				CLANG_WARN_BOOL_CONVERSION = YES;
				CLANG_WARN_CONSTANT_CONVERSION = YES;
				CLANG_WARN_DIRECT_OBJC_ISA_USAGE = YES_ERROR;
				CLANG_WARN_EMPTY_BODY = YES;
				CLANG_WARN_ENUM_CONVERSION = YES;
				CLANG_WARN_INT_CONVERSION = YES;
				CLANG_WARN_OBJC_ROOT_CLASS = YES_ERROR;
				CLANG_WARN_UNREACHABLE_CODE = YES;
				CLANG_WARN__DUPLICATE_METHOD_MATCH = YES;
				CODE_SIGN_IDENTITY = "iPhone Developer";
				"CODE_SIGN_IDENTITY[sdk=iphoneos*]" = "iPhone Developer";
				COPY_PHASE_STRIP = NO;
				DEBUG_INFORMATION_FORMAT = dwarf;
				ENABLE_STRICT_OBJC_MSGSEND = YES;
				ENABLE_TESTABILITY = YES;
				GCC_C_LANGUAGE_STANDARD = gnu99;
				GCC_DYNAMIC_NO_PIC = NO;
				GCC_NO_COMMON_BLOCKS = YES;
				GCC_OPTIMIZATION_LEVEL = 0;
				GCC_PREPROCESSOR_DEFINITIONS = (
					"DEBUG=1",
					"$(inherited)",
				);
				GCC_WARN_64_TO_32_BIT_CONVERSION = YES;
				GCC_WARN_ABOUT_RETURN_TYPE = YES_ERROR;
				GCC_WARN_UNDECLARED_SELECTOR = YES;
				GCC_WARN_UNINITIALIZED_AUTOS = YES_AGGRESSIVE;
				GCC_WARN_UNUSED_FUNCTION = YES;
				GCC_WARN_UNUSED_VARIABLE = YES;
				IPHONEOS_DEPLOYMENT_TARGET = 9.2;
				MTL_ENABLE_DEBUG_INFO = YES;
				ONLY_ACTIVE_ARCH = YES;
				SDKROOT = iphoneos;
				SWIFT_OPTIMIZATION_LEVEL = "-Onone";
				TARGETED_DEVICE_FAMILY = "1,2";
			};
			name = Debug;
		};
		D226B4C21C73B28400366800 /* Release */ = {
			isa = XCBuildConfiguration;
			buildSettings = {
				ALWAYS_SEARCH_USER_PATHS = NO;
				CLANG_CXX_LANGUAGE_STANDARD = "gnu++0x";
				CLANG_CXX_LIBRARY = "libc++";
				CLANG_ENABLE_MODULES = YES;
				CLANG_ENABLE_OBJC_ARC = YES;
				CLANG_WARN_BOOL_CONVERSION = YES;
				CLANG_WARN_CONSTANT_CONVERSION = YES;
				CLANG_WARN_DIRECT_OBJC_ISA_USAGE = YES_ERROR;
				CLANG_WARN_EMPTY_BODY = YES;
				CLANG_WARN_ENUM_CONVERSION = YES;
				CLANG_WARN_INT_CONVERSION = YES;
				CLANG_WARN_OBJC_ROOT_CLASS = YES_ERROR;
				CLANG_WARN_UNREACHABLE_CODE = YES;
				CLANG_WARN__DUPLICATE_METHOD_MATCH = YES;
				CODE_SIGN_IDENTITY = "iPhone Developer";
				"CODE_SIGN_IDENTITY[sdk=iphoneos*]" = "iPhone Developer";
				COPY_PHASE_STRIP = NO;
				DEBUG_INFORMATION_FORMAT = "dwarf-with-dsym";
				ENABLE_NS_ASSERTIONS = NO;
				ENABLE_STRICT_OBJC_MSGSEND = YES;
				GCC_C_LANGUAGE_STANDARD = gnu99;
				GCC_NO_COMMON_BLOCKS = YES;
				GCC_WARN_64_TO_32_BIT_CONVERSION = YES;
				GCC_WARN_ABOUT_RETURN_TYPE = YES_ERROR;
				GCC_WARN_UNDECLARED_SELECTOR = YES;
				GCC_WARN_UNINITIALIZED_AUTOS = YES_AGGRESSIVE;
				GCC_WARN_UNUSED_FUNCTION = YES;
				GCC_WARN_UNUSED_VARIABLE = YES;
				IPHONEOS_DEPLOYMENT_TARGET = 9.2;
				MTL_ENABLE_DEBUG_INFO = NO;
				SDKROOT = iphoneos;
				TARGETED_DEVICE_FAMILY = "1,2";
				VALIDATE_PRODUCT = YES;
			};
			name = Release;
		};
		D226B4C41C73B28400366800 /* Debug */ = {
			isa = XCBuildConfiguration;
			baseConfigurationReference = FA77EDEB677191A8B3B61085 /* Pods-RealTimeRunning.debug.xcconfig */;
			buildSettings = {
				ASSETCATALOG_COMPILER_APPICON_NAME = AppIcon;
				CODE_SIGN_IDENTITY = "iPhone Developer";
				"CODE_SIGN_IDENTITY[sdk=iphoneos*]" = "iPhone Developer";
				EMBEDDED_CONTENT_CONTAINS_SWIFT = YES;
				FRAMEWORK_SEARCH_PATHS = (
					"$(inherited)",
					"$(PROJECT_DIR)",
				);
				INFOPLIST_FILE = RealTimeRunning/Info.plist;
				IPHONEOS_DEPLOYMENT_TARGET = 9.2;
				LD_RUNPATH_SEARCH_PATHS = "$(inherited) @executable_path/Frameworks";
				PRODUCT_BUNDLE_IDENTIFIER = net.scottashmore.RealTimeRunning;
				PRODUCT_NAME = "$(TARGET_NAME)";
				PROVISIONING_PROFILE = "";
				SWIFT_INSTALL_OBJC_HEADER = NO;
				TARGETED_DEVICE_FAMILY = 1;
			};
			name = Debug;
		};
		D226B4C51C73B28400366800 /* Release */ = {
			isa = XCBuildConfiguration;
			baseConfigurationReference = 1470CD3C775CFC279C23ED3C /* Pods-RealTimeRunning.release.xcconfig */;
			buildSettings = {
				ASSETCATALOG_COMPILER_APPICON_NAME = AppIcon;
				CODE_SIGN_IDENTITY = "iPhone Developer";
				"CODE_SIGN_IDENTITY[sdk=iphoneos*]" = "iPhone Developer";
				EMBEDDED_CONTENT_CONTAINS_SWIFT = YES;
				FRAMEWORK_SEARCH_PATHS = (
					"$(inherited)",
					"$(PROJECT_DIR)",
				);
				INFOPLIST_FILE = RealTimeRunning/Info.plist;
				IPHONEOS_DEPLOYMENT_TARGET = 9.2;
				LD_RUNPATH_SEARCH_PATHS = "$(inherited) @executable_path/Frameworks";
				PRODUCT_BUNDLE_IDENTIFIER = net.scottashmore.RealTimeRunning;
				PRODUCT_NAME = "$(TARGET_NAME)";
				PROVISIONING_PROFILE = "";
				SWIFT_INSTALL_OBJC_HEADER = NO;
				TARGETED_DEVICE_FAMILY = 1;
			};
			name = Release;
		};
		D226B4C71C73B28400366800 /* Debug */ = {
			isa = XCBuildConfiguration;
			baseConfigurationReference = A209476DC16635C56BD40475 /* Pods-RealTimeRunningTests.debug.xcconfig */;
			buildSettings = {
				BUNDLE_LOADER = "$(TEST_HOST)";
				FRAMEWORK_SEARCH_PATHS = (
					"$(inherited)",
					"$(PROJECT_DIR)",
				);
				INFOPLIST_FILE = RealTimeRunningTests/Info.plist;
				LD_RUNPATH_SEARCH_PATHS = "$(inherited) @executable_path/Frameworks @loader_path/Frameworks";
				PRODUCT_BUNDLE_IDENTIFIER = net.scottashmore.RealTimeRunningTests;
				PRODUCT_NAME = "$(TARGET_NAME)";
				TEST_HOST = "$(BUILT_PRODUCTS_DIR)/RealTimeRunning.app/RealTimeRunning";
			};
			name = Debug;
		};
		D226B4C81C73B28400366800 /* Release */ = {
			isa = XCBuildConfiguration;
			baseConfigurationReference = E03FA64D4A6A3E2D3BD9503F /* Pods-RealTimeRunningTests.release.xcconfig */;
			buildSettings = {
				BUNDLE_LOADER = "$(TEST_HOST)";
				FRAMEWORK_SEARCH_PATHS = (
					"$(inherited)",
					"$(PROJECT_DIR)",
				);
				INFOPLIST_FILE = RealTimeRunningTests/Info.plist;
				LD_RUNPATH_SEARCH_PATHS = "$(inherited) @executable_path/Frameworks @loader_path/Frameworks";
				PRODUCT_BUNDLE_IDENTIFIER = net.scottashmore.RealTimeRunningTests;
				PRODUCT_NAME = "$(TARGET_NAME)";
				TEST_HOST = "$(BUILT_PRODUCTS_DIR)/RealTimeRunning.app/RealTimeRunning";
			};
			name = Release;
		};
/* End XCBuildConfiguration section */

/* Begin XCConfigurationList section */
		D226B4A11C73B28400366800 /* Build configuration list for PBXProject "RealTimeRunning" */ = {
			isa = XCConfigurationList;
			buildConfigurations = (
				D226B4C11C73B28400366800 /* Debug */,
				C496BC671C8F321500DF2187 /* bobs copy debug */,
				D226B4C21C73B28400366800 /* Release */,
			);
			defaultConfigurationIsVisible = 0;
			defaultConfigurationName = Release;
		};
		D226B4C31C73B28400366800 /* Build configuration list for PBXNativeTarget "RealTimeRunning" */ = {
			isa = XCConfigurationList;
			buildConfigurations = (
				D226B4C41C73B28400366800 /* Debug */,
				C496BC681C8F321500DF2187 /* bobs copy debug */,
				D226B4C51C73B28400366800 /* Release */,
			);
			defaultConfigurationIsVisible = 0;
			defaultConfigurationName = Release;
		};
		D226B4C61C73B28400366800 /* Build configuration list for PBXNativeTarget "RealTimeRunningTests" */ = {
			isa = XCConfigurationList;
			buildConfigurations = (
				D226B4C71C73B28400366800 /* Debug */,
				C496BC691C8F321500DF2187 /* bobs copy debug */,
				D226B4C81C73B28400366800 /* Release */,
			);
			defaultConfigurationIsVisible = 0;
			defaultConfigurationName = Release;
		};
/* End XCConfigurationList section */

/* Begin XCVersionGroup section */
		C42C383C1C7DC3C70080BFFC /* realTimeRunning.xcdatamodeld */ = {
			isa = XCVersionGroup;
			children = (
				C496BC6C1C93184900DF2187 /* realTimeRunning 3.xcdatamodel */,
				C4E24C431C88BB15006F5712 /* realTimeRunning 2.xcdatamodel */,
				C42C383D1C7DC3C70080BFFC /* realTimeRunning.xcdatamodel */,
			);
			currentVersion = C496BC6C1C93184900DF2187 /* realTimeRunning 3.xcdatamodel */;
			path = realTimeRunning.xcdatamodeld;
			sourceTree = "<group>";
			versionGroupType = wrapper.xcdatamodel;
		};
/* End XCVersionGroup section */
	};
	rootObject = D226B49E1C73B28400366800 /* Project object */;
}
